// !$*UTF8*$!
{
	archiveVersion = 1;
	classes = {
	};
	objectVersion = 50;
	objects = {

/* Begin PBXBuildFile section */
		147DFCC1239C0DC300362F2E /* AppDelegate.m in Sources */ = {isa = PBXBuildFile; fileRef = 147DFCC0239C0DC300362F2E /* AppDelegate.m */; };
		147DFCC4239C0DC300362F2E /* SceneDelegate.m in Sources */ = {isa = PBXBuildFile; fileRef = 147DFCC3239C0DC300362F2E /* SceneDelegate.m */; };
		147DFCC7239C0DC300362F2E /* ViewController.m in Sources */ = {isa = PBXBuildFile; fileRef = 147DFCC6239C0DC300362F2E /* ViewController.m */; };
		147DFCCA239C0DC300362F2E /* Main.storyboard in Resources */ = {isa = PBXBuildFile; fileRef = 147DFCC8239C0DC300362F2E /* Main.storyboard */; };
		147DFCCC239C0DC800362F2E /* Assets.xcassets in Resources */ = {isa = PBXBuildFile; fileRef = 147DFCCB239C0DC800362F2E /* Assets.xcassets */; };
		147DFCCF239C0DC800362F2E /* LaunchScreen.storyboard in Resources */ = {isa = PBXBuildFile; fileRef = 147DFCCD239C0DC800362F2E /* LaunchScreen.storyboard */; };
		147DFCD2239C0DC800362F2E /* main.m in Sources */ = {isa = PBXBuildFile; fileRef = 147DFCD1239C0DC800362F2E /* main.m */; };
		147DFCDA239C0DFF00362F2E /* OpenGLES.framework in Frameworks */ = {isa = PBXBuildFile; fileRef = 147DFCD9239C0DFF00362F2E /* OpenGLES.framework */; };
/* End PBXBuildFile section */

/* Begin PBXFileReference section */
		147DFCBC239C0DC300362F2E /* OpenGLES.app */ = {isa = PBXFileReference; explicitFileType = wrapper.application; includeInIndex = 0; path = OpenGLES.app; sourceTree = BUILT_PRODUCTS_DIR; };
		147DFCBF239C0DC300362F2E /* AppDelegate.h */ = {isa = PBXFileReference; lastKnownFileType = sourcecode.c.h; path = AppDelegate.h; sourceTree = "<group>"; };
		147DFCC0239C0DC300362F2E /* AppDelegate.m */ = {isa = PBXFileReference; lastKnownFileType = sourcecode.c.objc; path = AppDelegate.m; sourceTree = "<group>"; };
		147DFCC2239C0DC300362F2E /* SceneDelegate.h */ = {isa = PBXFileReference; lastKnownFileType = sourcecode.c.h; path = SceneDelegate.h; sourceTree = "<group>"; };
		147DFCC3239C0DC300362F2E /* SceneDelegate.m */ = {isa = PBXFileReference; lastKnownFileType = sourcecode.c.objc; path = SceneDelegate.m; sourceTree = "<group>"; };
		147DFCC5239C0DC300362F2E /* ViewController.h */ = {isa = PBXFileReference; lastKnownFileType = sourcecode.c.h; path = ViewController.h; sourceTree = "<group>"; };
		147DFCC6239C0DC300362F2E /* ViewController.m */ = {isa = PBXFileReference; lastKnownFileType = sourcecode.c.objc; path = ViewController.m; sourceTree = "<group>"; };
		147DFCC9239C0DC300362F2E /* Base */ = {isa = PBXFileReference; lastKnownFileType = file.storyboard; name = Base; path = Base.lproj/Main.storyboard; sourceTree = "<group>"; };
		147DFCCB239C0DC800362F2E /* Assets.xcassets */ = {isa = PBXFileReference; lastKnownFileType = folder.assetcatalog; path = Assets.xcassets; sourceTree = "<group>"; };
		147DFCCE239C0DC800362F2E /* Base */ = {isa = PBXFileReference; lastKnownFileType = file.storyboard; name = Base; path = Base.lproj/LaunchScreen.storyboard; sourceTree = "<group>"; };
		147DFCD0239C0DC800362F2E /* Info.plist */ = {isa = PBXFileReference; lastKnownFileType = text.plist.xml; path = Info.plist; sourceTree = "<group>"; };
		147DFCD1239C0DC800362F2E /* main.m */ = {isa = PBXFileReference; lastKnownFileType = sourcecode.c.objc; path = main.m; sourceTree = "<group>"; };
		147DFCD9239C0DFF00362F2E /* OpenGLES.framework */ = {isa = PBXFileReference; lastKnownFileType = wrapper.framework; name = OpenGLES.framework; path = System/Library/Frameworks/OpenGLES.framework; sourceTree = SDKROOT; };
/* End PBXFileReference section */

/* Begin PBXFrameworksBuildPhase section */
		147DFCB9239C0DC300362F2E /* Frameworks */ = {
			isa = PBXFrameworksBuildPhase;
			buildActionMask = 2147483647;
			files = (
				147DFCDA239C0DFF00362F2E /* OpenGLES.framework in Frameworks */,
			);
			runOnlyForDeploymentPostprocessing = 0;
		};
/* End PBXFrameworksBuildPhase section */

/* Begin PBXGroup section */
		147DFCB3239C0DC300362F2E = {
			isa = PBXGroup;
			children = (
				147DFCBE239C0DC300362F2E /* OpenGLES */,
				147DFCBD239C0DC300362F2E /* Products */,
				147DFCD8239C0DFE00362F2E /* Frameworks */,
			);
			sourceTree = "<group>";
		};
		147DFCBD239C0DC300362F2E /* Products */ = {
			isa = PBXGroup;
			children = (
				147DFCBC239C0DC300362F2E /* OpenGLES.app */,
			);
			name = Products;
			sourceTree = "<group>";
		};
		147DFCBE239C0DC300362F2E /* OpenGLES */ = {
			isa = PBXGroup;
			children = (
				147DFCBF239C0DC300362F2E /* AppDelegate.h */,
				147DFCC0239C0DC300362F2E /* AppDelegate.m */,
				147DFCC2239C0DC300362F2E /* SceneDelegate.h */,
				147DFCC3239C0DC300362F2E /* SceneDelegate.m */,
				147DFCC5239C0DC300362F2E /* ViewController.h */,
				147DFCC6239C0DC300362F2E /* ViewController.m */,
				147DFCC8239C0DC300362F2E /* Main.storyboard */,
				147DFCCB239C0DC800362F2E /* Assets.xcassets */,
				147DFCCD239C0DC800362F2E /* LaunchScreen.storyboard */,
				147DFCD0239C0DC800362F2E /* Info.plist */,
				147DFCD1239C0DC800362F2E /* main.m */,
			);
			path = OpenGLES;
			sourceTree = "<group>";
		};
		147DFCD8239C0DFE00362F2E /* Frameworks */ = {
			isa = PBXGroup;
			children = (
				147DFCD9239C0DFF00362F2E /* OpenGLES.framework */,
			);
			name = Frameworks;
			sourceTree = "<group>";
		};
/* End PBXGroup section */

/* Begin PBXNativeTarget section */
		147DFCBB239C0DC300362F2E /* OpenGLES */ = {
			isa = PBXNativeTarget;
			buildConfigurationList = 147DFCD5239C0DC800362F2E /* Build configuration list for PBXNativeTarget "OpenGLES" */;
			buildPhases = (
				147DFCB8239C0DC300362F2E /* Sources */,
				147DFCB9239C0DC300362F2E /* Frameworks */,
				147DFCBA239C0DC300362F2E /* Resources */,
			);
			buildRules = (
			);
			dependencies = (
			);
			name = OpenGLES;
			productName = OpenGLES;
			productReference = 147DFCBC239C0DC300362F2E /* OpenGLES.app */;
			productType = "com.apple.product-type.application";
		};
/* End PBXNativeTarget section */

/* Begin PBXProject section */
		147DFCB4239C0DC300362F2E /* Project object */ = {
			isa = PBXProject;
			attributes = {
				LastUpgradeCheck = 1120;
				ORGANIZATIONNAME = CookiesJ;
				TargetAttributes = {
					147DFCBB239C0DC300362F2E = {
						CreatedOnToolsVersion = 11.2.1;
					};
				};
			};
			buildConfigurationList = 147DFCB7239C0DC300362F2E /* Build configuration list for PBXProject "OpenGLES" */;
			compatibilityVersion = "Xcode 9.3";
			developmentRegion = en;
			hasScannedForEncodings = 0;
			knownRegions = (
				en,
				Base,
			);
			mainGroup = 147DFCB3239C0DC300362F2E;
			productRefGroup = 147DFCBD239C0DC300362F2E /* Products */;
			projectDirPath = "";
			projectRoot = "";
			targets = (
				147DFCBB239C0DC300362F2E /* OpenGLES */,
			);
		};
/* End PBXProject section */

/* Begin PBXResourcesBuildPhase section */
		147DFCBA239C0DC300362F2E /* Resources */ = {
			isa = PBXResourcesBuildPhase;
			buildActionMask = 2147483647;
			files = (
				147DFCCF239C0DC800362F2E /* LaunchScreen.storyboard in Resources */,
				147DFCCC239C0DC800362F2E /* Assets.xcassets in Resources */,
				147DFCCA239C0DC300362F2E /* Main.storyboard in Resources */,
			);
			runOnlyForDeploymentPostprocessing = 0;
		};
/* End PBXResourcesBuildPhase section */

/* Begin PBXSourcesBuildPhase section */
		147DFCB8239C0DC300362F2E /* Sources */ = {
			isa = PBXSourcesBuildPhase;
			buildActionMask = 2147483647;
			files = (
				147DFCC7239C0DC300362F2E /* ViewController.m in Sources */,
				147DFCC1239C0DC300362F2E /* AppDelegate.m in Sources */,
				147DFCD2239C0DC800362F2E /* main.m in Sources */,
				147DFCC4239C0DC300362F2E /* SceneDelegate.m in Sources */,
			);
			runOnlyForDeploymentPostprocessing = 0;
		};
/* End PBXSourcesBuildPhase section */

/* Begin PBXVariantGroup section */
		147DFCC8239C0DC300362F2E /* Main.storyboard */ = {
			isa = PBXVariantGroup;
			children = (
				147DFCC9239C0DC300362F2E /* Base */,
			);
			name = Main.storyboard;
			sourceTree = "<group>";
		};
		147DFCCD239C0DC800362F2E /* LaunchScreen.storyboard */ = {
			isa = PBXVariantGroup;
			children = (
				147DFCCE239C0DC800362F2E /* Base */,
			);
			name = LaunchScreen.storyboard;
			sourceTree = "<group>";
		};
/* End PBXVariantGroup section */

/* Begin XCBuildConfiguration section */
		147DFCD3239C0DC800362F2E /* Debug */ = {
			isa = XCBuildConfiguration;
			buildSettings = {
				ALWAYS_SEARCH_USER_PATHS = NO;
				CLANG_ANALYZER_NONNULL = YES;
				CLANG_ANALYZER_NUMBER_OBJECT_CONVERSION = YES_AGGRESSIVE;
				CLANG_CXX_LANGUAGE_STANDARD = "gnu++14";
				CLANG_CXX_LIBRARY = "libc++";
				CLANG_ENABLE_MODULES = YES;
				CLANG_ENABLE_OBJC_ARC = YES;
				CLANG_ENABLE_OBJC_WEAK = YES;
				CLANG_WARN_BLOCK_CAPTURE_AUTORELEASING = YES;
				CLANG_WARN_BOOL_CONVERSION = YES;
				CLANG_WARN_COMMA = YES;
				CLANG_WARN_CONSTANT_CONVERSION = YES;
				CLANG_WARN_DEPRECATED_OBJC_IMPLEMENTATIONS = YES;
				CLANG_WARN_DIRECT_OBJC_ISA_USAGE = YES_ERROR;
				CLANG_WARN_DOCUMENTATION_COMMENTS = YES;
				CLANG_WARN_EMPTY_BODY = YES;
				CLANG_WARN_ENUM_CONVERSION = YES;
				CLANG_WARN_INFINITE_RECURSION = YES;
				CLANG_WARN_INT_CONVERSION = YES;
				CLANG_WARN_NON_LITERAL_NULL_CONVERSION = YES;
				CLANG_WARN_OBJC_IMPLICIT_RETAIN_SELF = YES;
				CLANG_WARN_OBJC_LITERAL_CONVERSION = YES;
				CLANG_WARN_OBJC_ROOT_CLASS = YES_ERROR;
				CLANG_WARN_RANGE_LOOP_ANALYSIS = YES;
				CLANG_WARN_STRICT_PROTOTYPES = YES;
				CLANG_WARN_SUSPICIOUS_MOVE = YES;
				CLANG_WARN_UNGUARDED_AVAILABILITY = YES_AGGRESSIVE;
				CLANG_WARN_UNREACHABLE_CODE = YES;
				CLANG_WARN__DUPLICATE_METHOD_MATCH = YES;
				COPY_PHASE_STRIP = NO;
				DEBUG_INFORMATION_FORMAT = dwarf;
				ENABLE_STRICT_OBJC_MSGSEND = YES;
				ENABLE_TESTABILITY = YES;
				GCC_C_LANGUAGE_STANDARD = gnu11;
				GCC_DYNAMIC_NO_PIC = NO;
				GCC_NO_COMMON_BLOCKS = YES;
				GCC_OPTIMIZATION_LEVEL = 0;
				GCC_PREPROCESSOR_DEFINITIONS = (
					"DEBUG=1",
					"$(inherited)",
				);
				GCC_WARN_64_TO_32_BIT_CONVERSION = YES;
				GCC_WARN_ABOUT_RETURN_TYPE = YES_ERROR;
				GCC_WARN_UNDECLARED_SELECTOR = YES;
				GCC_WARN_UNINITIALIZED_AUTOS = YES_AGGRESSIVE;
				GCC_WARN_UNUSED_FUNCTION = YES;
				GCC_WARN_UNUSED_VARIABLE = YES;
				IPHONEOS_DEPLOYMENT_TARGET = 10.0;
				MTL_ENABLE_DEBUG_INFO = INCLUDE_SOURCE;
				MTL_FAST_MATH = YES;
				ONLY_ACTIVE_ARCH = YES;
				SDKROOT = iphoneos;
			};
			name = Debug;
		};
		147DFCD4239C0DC800362F2E /* Release */ = {
			isa = XCBuildConfiguration;
			buildSettings = {
				ALWAYS_SEARCH_USER_PATHS = NO;
				CLANG_ANALYZER_NONNULL = YES;
				CLANG_ANALYZER_NUMBER_OBJECT_CONVERSION = YES_AGGRESSIVE;
				CLANG_CXX_LANGUAGE_STANDARD = "gnu++14";
				CLANG_CXX_LIBRARY = "libc++";
				CLANG_ENABLE_MODULES = YES;
				CLANG_ENABLE_OBJC_ARC = YES;
				CLANG_ENABLE_OBJC_WEAK = YES;
				CLANG_WARN_BLOCK_CAPTURE_AUTORELEASING = YES;
				CLANG_WARN_BOOL_CONVERSION = YES;
				CLANG_WARN_COMMA = YES;
				CLANG_WARN_CONSTANT_CONVERSION = YES;
				CLANG_WARN_DEPRECATED_OBJC_IMPLEMENTATIONS = YES;
				CLANG_WARN_DIRECT_OBJC_ISA_USAGE = YES_ERROR;
				CLANG_WARN_DOCUMENTATION_COMMENTS = YES;
				CLANG_WARN_EMPTY_BODY = YES;
				CLANG_WARN_ENUM_CONVERSION = YES;
				CLANG_WARN_INFINITE_RECURSION = YES;
				CLANG_WARN_INT_CONVERSION = YES;
				CLANG_WARN_NON_LITERAL_NULL_CONVERSION = YES;
				CLANG_WARN_OBJC_IMPLICIT_RETAIN_SELF = YES;
				CLANG_WARN_OBJC_LITERAL_CONVERSION = YES;
				CLANG_WARN_OBJC_ROOT_CLASS = YES_ERROR;
				CLANG_WARN_RANGE_LOOP_ANALYSIS = YES;
				CLANG_WARN_STRICT_PROTOTYPES = YES;
				CLANG_WARN_SUSPICIOUS_MOVE = YES;
				CLANG_WARN_UNGUARDED_AVAILABILITY = YES_AGGRESSIVE;
				CLANG_WARN_UNREACHABLE_CODE = YES;
				CLANG_WARN__DUPLICATE_METHOD_MATCH = YES;
				COPY_PHASE_STRIP = NO;
				DEBUG_INFORMATION_FORMAT = "dwarf-with-dsym";
				ENABLE_NS_ASSERTIONS = NO;
				ENABLE_STRICT_OBJC_MSGSEND = YES;
				GCC_C_LANGUAGE_STANDARD = gnu11;
				GCC_NO_COMMON_BLOCKS = YES;
				GCC_WARN_64_TO_32_BIT_CONVERSION = YES;
				GCC_WARN_ABOUT_RETURN_TYPE = YES_ERROR;
				GCC_WARN_UNDECLARED_SELECTOR = YES;
				GCC_WARN_UNINITIALIZED_AUTOS = YES_AGGRESSIVE;
				GCC_WARN_UNUSED_FUNCTION = YES;
				GCC_WARN_UNUSED_VARIABLE = YES;
				IPHONEOS_DEPLOYMENT_TARGET = 10.0;
				MTL_ENABLE_DEBUG_INFO = NO;
				MTL_FAST_MATH = YES;
				SDKROOT = iphoneos;
				VALIDATE_PRODUCT = YES;
			};
			name = Release;
		};
		147DFCD6239C0DC800362F2E /* Debug */ = {
			isa = XCBuildConfiguration;
			buildSettings = {
				ASSETCATALOG_COMPILER_APPICON_NAME = AppIcon;
				CODE_SIGN_STYLE = Automatic;
				DEVELOPMENT_TEAM = 6SLD7TW6TA;
				INFOPLIST_FILE = OpenGLES/Info.plist;
				IPHONEOS_DEPLOYMENT_TARGET = 10.0;
				LD_RUNPATH_SEARCH_PATHS = (
					"$(inherited)",
					"@executable_path/Frameworks",
				);
				PRODUCT_BUNDLE_IDENTIFIER = TYSM.OpenGLES;
				PRODUCT_NAME = "$(TARGET_NAME)";
				TARGETED_DEVICE_FAMILY = "1,2";
			};
			name = Debug;
		};
		147DFCD7239C0DC800362F2E /* Release */ = {
			isa = XCBuildConfiguration;
			buildSettings = {
				ASSETCATALOG_COMPILER_APPICON_NAME = AppIcon;
				CODE_SIGN_STYLE = Automatic;
				DEVELOPMENT_TEAM = 6SLD7TW6TA;
				INFOPLIST_FILE = OpenGLES/Info.plist;
				IPHONEOS_DEPLOYMENT_TARGET = 10.0;
				LD_RUNPATH_SEARCH_PATHS = (
					"$(inherited)",
					"@executable_path/Frameworks",
				);
				PRODUCT_BUNDLE_IDENTIFIER = TYSM.OpenGLES;
				PRODUCT_NAME = "$(TARGET_NAME)";
				TARGETED_DEVICE_FAMILY = "1,2";
			};
			name = Release;
		};
/* End XCBuildConfiguration section */

/* Begin XCConfigurationList section */
		147DFCB7239C0DC300362F2E /* Build configuration list for PBXProject "OpenGLES" */ = {
			isa = XCConfigurationList;
			buildConfigurations = (
				147DFCD3239C0DC800362F2E /* Debug */,
				147DFCD4239C0DC800362F2E /* Release */,
			);
			defaultConfigurationIsVisible = 0;
			defaultConfigurationName = Release;
		};
		147DFCD5239C0DC800362F2E /* Build configuration list for PBXNativeTarget "OpenGLES" */ = {
			isa = XCConfigurationList;
			buildConfigurations = (
				147DFCD6239C0DC800362F2E /* Debug */,
				147DFCD7239C0DC800362F2E /* Release */,
			);
			defaultConfigurationIsVisible = 0;
			defaultConfigurationName = Release;
		};
/* End XCConfigurationList section */
	};
	rootObject = 147DFCB4239C0DC300362F2E /* Project object */;
}
